// !$*UTF8*$!
{
	archiveVersion = 1;
	classes = {
	};
	objectVersion = 50;
	objects = {

/* Begin PBXBuildFile section */
		DB4BB67F2592260C00420457 /* AppDelegate.swift in Sources */ = {isa = PBXBuildFile; fileRef = DB4BB67E2592260C00420457 /* AppDelegate.swift */; };
		DB4BB6812592260C00420457 /* SceneDelegate.swift in Sources */ = {isa = PBXBuildFile; fileRef = DB4BB6802592260C00420457 /* SceneDelegate.swift */; };
		DB4BB6832592260C00420457 /* ViewController.swift in Sources */ = {isa = PBXBuildFile; fileRef = DB4BB6822592260C00420457 /* ViewController.swift */; };
		DB4BB6862592260C00420457 /* Main.storyboard in Resources */ = {isa = PBXBuildFile; fileRef = DB4BB6842592260C00420457 /* Main.storyboard */; };
		DB4BB6892592260C00420457 /* UniversalProduct.xcdatamodeld in Sources */ = {isa = PBXBuildFile; fileRef = DB4BB6872592260C00420457 /* UniversalProduct.xcdatamodeld */; };
		DB4BB68B2592260D00420457 /* Assets.xcassets in Resources */ = {isa = PBXBuildFile; fileRef = DB4BB68A2592260D00420457 /* Assets.xcassets */; };
		DB4BB68E2592260D00420457 /* LaunchScreen.storyboard in Resources */ = {isa = PBXBuildFile; fileRef = DB4BB68C2592260D00420457 /* LaunchScreen.storyboard */; };
/* End PBXBuildFile section */

/* Begin PBXFileReference section */
		DB4BB67B2592260C00420457 /* UniversalProduct.app */ = {isa = PBXFileReference; explicitFileType = wrapper.application; includeInIndex = 0; path = UniversalProduct.app; sourceTree = BUILT_PRODUCTS_DIR; };
		DB4BB67E2592260C00420457 /* AppDelegate.swift */ = {isa = PBXFileReference; lastKnownFileType = sourcecode.swift; path = AppDelegate.swift; sourceTree = "<group>"; };
		DB4BB6802592260C00420457 /* SceneDelegate.swift */ = {isa = PBXFileReference; lastKnownFileType = sourcecode.swift; path = SceneDelegate.swift; sourceTree = "<group>"; };
		DB4BB6822592260C00420457 /* ViewController.swift */ = {isa = PBXFileReference; lastKnownFileType = sourcecode.swift; path = ViewController.swift; sourceTree = "<group>"; };
		DB4BB6852592260C00420457 /* Base */ = {isa = PBXFileReference; lastKnownFileType = file.storyboard; name = Base; path = Base.lproj/Main.storyboard; sourceTree = "<group>"; };
		DB4BB6882592260C00420457 /* UniversalProduct.xcdatamodel */ = {isa = PBXFileReference; lastKnownFileType = wrapper.xcdatamodel; path = UniversalProduct.xcdatamodel; sourceTree = "<group>"; };
		DB4BB68A2592260D00420457 /* Assets.xcassets */ = {isa = PBXFileReference; lastKnownFileType = folder.assetcatalog; path = Assets.xcassets; sourceTree = "<group>"; };
		DB4BB68D2592260D00420457 /* Base */ = {isa = PBXFileReference; lastKnownFileType = file.storyboard; name = Base; path = Base.lproj/LaunchScreen.storyboard; sourceTree = "<group>"; };
		DB4BB68F2592260D00420457 /* Info.plist */ = {isa = PBXFileReference; lastKnownFileType = text.plist.xml; path = Info.plist; sourceTree = "<group>"; };
/* End PBXFileReference section */

/* Begin PBXFrameworksBuildPhase section */
		DB4BB6782592260C00420457 /* Frameworks */ = {
			isa = PBXFrameworksBuildPhase;
			buildActionMask = 2147483647;
			files = (
			);
			runOnlyForDeploymentPostprocessing = 0;
		};
/* End PBXFrameworksBuildPhase section */

/* Begin PBXGroup section */
		DB4BB6722592260C00420457 = {
			isa = PBXGroup;
			children = (
				DB4BB67D2592260C00420457 /* UniversalProduct */,
				DB4BB67C2592260C00420457 /* Products */,
			);
			sourceTree = "<group>";
		};
		DB4BB67C2592260C00420457 /* Products */ = {
			isa = PBXGroup;
			children = (
				DB4BB67B2592260C00420457 /* UniversalProduct.app */,
			);
			name = Products;
			sourceTree = "<group>";
		};
		DB4BB67D2592260C00420457 /* UniversalProduct */ = {
			isa = PBXGroup;
			children = (
				DB4BB67E2592260C00420457 /* AppDelegate.swift */,
				DB4BB6802592260C00420457 /* SceneDelegate.swift */,
				DB4BB6822592260C00420457 /* ViewController.swift */,
				DB4BB6842592260C00420457 /* Main.storyboard */,
				DB4BB68A2592260D00420457 /* Assets.xcassets */,
				DB4BB68C2592260D00420457 /* LaunchScreen.storyboard */,
				DB4BB68F2592260D00420457 /* Info.plist */,
				DB4BB6872592260C00420457 /* UniversalProduct.xcdatamodeld */,
			);
			path = UniversalProduct;
			sourceTree = "<group>";
		};
/* End PBXGroup section */

/* Begin PBXNativeTarget section */
		DB4BB67A2592260C00420457 /* UniversalProduct */ = {
			isa = PBXNativeTarget;
			buildConfigurationList = DB4BB6922592260D00420457 /* Build configuration list for PBXNativeTarget "UniversalProduct" */;
			buildPhases = (
				DB4BB6772592260C00420457 /* Sources */,
				DB4BB6782592260C00420457 /* Frameworks */,
				DB4BB6792592260C00420457 /* Resources */,
			);
			buildRules = (
			);
			dependencies = (
			);
			name = UniversalProduct;
			productName = UniversalProduct;
			productReference = DB4BB67B2592260C00420457 /* UniversalProduct.app */;
			productType = "com.apple.product-type.application";
		};
/* End PBXNativeTarget section */

/* Begin PBXProject section */
		DB4BB6732592260C00420457 /* Project object */ = {
			isa = PBXProject;
			attributes = {
				LastSwiftUpdateCheck = 1220;
				LastUpgradeCheck = 1220;
				TargetAttributes = {
					DB4BB67A2592260C00420457 = {
						CreatedOnToolsVersion = 12.2;
					};
				};
			};
			buildConfigurationList = DB4BB6762592260C00420457 /* Build configuration list for PBXProject "UniversalProduct" */;
			compatibilityVersion = "Xcode 9.3";
			developmentRegion = en;
			hasScannedForEncodings = 0;
			knownRegions = (
				en,
				Base,
			);
			mainGroup = DB4BB6722592260C00420457;
			productRefGroup = DB4BB67C2592260C00420457 /* Products */;
			projectDirPath = "";
			projectRoot = "";
			targets = (
				DB4BB67A2592260C00420457 /* UniversalProduct */,
			);
		};
/* End PBXProject section */

/* Begin PBXResourcesBuildPhase section */
		DB4BB6792592260C00420457 /* Resources */ = {
			isa = PBXResourcesBuildPhase;
			buildActionMask = 2147483647;
			files = (
				DB4BB68E2592260D00420457 /* LaunchScreen.storyboard in Resources */,
				DB4BB68B2592260D00420457 /* Assets.xcassets in Resources */,
				DB4BB6862592260C00420457 /* Main.storyboard in Resources */,
			);
			runOnlyForDeploymentPostprocessing = 0;
		};
/* End PBXResourcesBuildPhase section */

/* Begin PBXSourcesBuildPhase section */
		DB4BB6772592260C00420457 /* Sources */ = {
			isa = PBXSourcesBuildPhase;
			buildActionMask = 2147483647;
			files = (
				DB4BB6832592260C00420457 /* ViewController.swift in Sources */,
				DB4BB67F2592260C00420457 /* AppDelegate.swift in Sources */,
				DB4BB6812592260C00420457 /* SceneDelegate.swift in Sources */,
				DB4BB6892592260C00420457 /* UniversalProduct.xcdatamodeld in Sources */,
			);
			runOnlyForDeploymentPostprocessing = 0;
		};
/* End PBXSourcesBuildPhase section */

/* Begin PBXVariantGroup section */
		DB4BB6842592260C00420457 /* Main.storyboard */ = {
			isa = PBXVariantGroup;
			children = (
				DB4BB6852592260C00420457 /* Base */,
			);
			name = Main.storyboard;
			sourceTree = "<group>";
		};
		DB4BB68C2592260D00420457 /* LaunchScreen.storyboard */ = {
			isa = PBXVariantGroup;
			children = (
				DB4BB68D2592260D00420457 /* Base */,
			);
			name = LaunchScreen.storyboard;
			sourceTree = "<group>";
		};
/* End PBXVariantGroup section */

/* Begin XCBuildConfiguration section */
		DB4BB6902592260D00420457 /* Debug */ = {
			isa = XCBuildConfiguration;
			buildSettings = {
				ALWAYS_SEARCH_USER_PATHS = NO;
				CLANG_ANALYZER_NONNULL = YES;
				CLANG_ANALYZER_NUMBER_OBJECT_CONVERSION = YES_AGGRESSIVE;
				CLANG_CXX_LANGUAGE_STANDARD = "gnu++14";
				CLANG_CXX_LIBRARY = "libc++";
				CLANG_ENABLE_MODULES = YES;
				CLANG_ENABLE_OBJC_ARC = YES;
				CLANG_ENABLE_OBJC_WEAK = YES;
				CLANG_WARN_BLOCK_CAPTURE_AUTORELEASING = YES;
				CLANG_WARN_BOOL_CONVERSION = YES;
				CLANG_WARN_COMMA = YES;
				CLANG_WARN_CONSTANT_CONVERSION = YES;
				CLANG_WARN_DEPRECATED_OBJC_IMPLEMENTATIONS = YES;
				CLANG_WARN_DIRECT_OBJC_ISA_USAGE = YES_ERROR;
				CLANG_WARN_DOCUMENTATION_COMMENTS = YES;
				CLANG_WARN_EMPTY_BODY = YES;
				CLANG_WARN_ENUM_CONVERSION = YES;
				CLANG_WARN_INFINITE_RECURSION = YES;
				CLANG_WARN_INT_CONVERSION = YES;
				CLANG_WARN_NON_LITERAL_NULL_CONVERSION = YES;
				CLANG_WARN_OBJC_IMPLICIT_RETAIN_SELF = YES;
				CLANG_WARN_OBJC_LITERAL_CONVERSION = YES;
				CLANG_WARN_OBJC_ROOT_CLASS = YES_ERROR;
				CLANG_WARN_QUOTED_INCLUDE_IN_FRAMEWORK_HEADER = YES;
				CLANG_WARN_RANGE_LOOP_ANALYSIS = YES;
				CLANG_WARN_STRICT_PROTOTYPES = YES;
				CLANG_WARN_SUSPICIOUS_MOVE = YES;
				CLANG_WARN_UNGUARDED_AVAILABILITY = YES_AGGRESSIVE;
				CLANG_WARN_UNREACHABLE_CODE = YES;
				CLANG_WARN__DUPLICATE_METHOD_MATCH = YES;
				COPY_PHASE_STRIP = NO;
				DEBUG_INFORMATION_FORMAT = dwarf;
				ENABLE_STRICT_OBJC_MSGSEND = YES;
				ENABLE_TESTABILITY = YES;
				GCC_C_LANGUAGE_STANDARD = gnu11;
				GCC_DYNAMIC_NO_PIC = NO;
				GCC_NO_COMMON_BLOCKS = YES;
				GCC_OPTIMIZATION_LEVEL = 0;
				GCC_PREPROCESSOR_DEFINITIONS = (
					"DEBUG=1",
					"$(inherited)",
				);
				GCC_WARN_64_TO_32_BIT_CONVERSION = YES;
				GCC_WARN_ABOUT_RETURN_TYPE = YES_ERROR;
				GCC_WARN_UNDECLARED_SELECTOR = YES;
				GCC_WARN_UNINITIALIZED_AUTOS = YES_AGGRESSIVE;
				GCC_WARN_UNUSED_FUNCTION = YES;
				GCC_WARN_UNUSED_VARIABLE = YES;
				IPHONEOS_DEPLOYMENT_TARGET = 14.2;
				MTL_ENABLE_DEBUG_INFO = INCLUDE_SOURCE;
				MTL_FAST_MATH = YES;
				ONLY_ACTIVE_ARCH = YES;
				SDKROOT = iphoneos;
				SWIFT_ACTIVE_COMPILATION_CONDITIONS = DEBUG;
				SWIFT_OPTIMIZATION_LEVEL = "-Onone";
			};
			name = Debug;
		};
		DB4BB6912592260D00420457 /* Release */ = {
			isa = XCBuildConfiguration;
			buildSettings = {
				ALWAYS_SEARCH_USER_PATHS = NO;
				CLANG_ANALYZER_NONNULL = YES;
				CLANG_ANALYZER_NUMBER_OBJECT_CONVERSION = YES_AGGRESSIVE;
				CLANG_CXX_LANGUAGE_STANDARD = "gnu++14";
				CLANG_CXX_LIBRARY = "libc++";
				CLANG_ENABLE_MODULES = YES;
				CLANG_ENABLE_OBJC_ARC = YES;
				CLANG_ENABLE_OBJC_WEAK = YES;
				CLANG_WARN_BLOCK_CAPTURE_AUTORELEASING = YES;
				CLANG_WARN_BOOL_CONVERSION = YES;
				CLANG_WARN_COMMA = YES;
				CLANG_WARN_CONSTANT_CONVERSION = YES;
				CLANG_WARN_DEPRECATED_OBJC_IMPLEMENTATIONS = YES;
				CLANG_WARN_DIRECT_OBJC_ISA_USAGE = YES_ERROR;
				CLANG_WARN_DOCUMENTATION_COMMENTS = YES;
				CLANG_WARN_EMPTY_BODY = YES;
				CLANG_WARN_ENUM_CONVERSION = YES;
				CLANG_WARN_INFINITE_RECURSION = YES;
				CLANG_WARN_INT_CONVERSION = YES;
				CLANG_WARN_NON_LITERAL_NULL_CONVERSION = YES;
				CLANG_WARN_OBJC_IMPLICIT_RETAIN_SELF = YES;
				CLANG_WARN_OBJC_LITERAL_CONVERSION = YES;
				CLANG_WARN_OBJC_ROOT_CLASS = YES_ERROR;
				CLANG_WARN_QUOTED_INCLUDE_IN_FRAMEWORK_HEADER = YES;
				CLANG_WARN_RANGE_LOOP_ANALYSIS = YES;
				CLANG_WARN_STRICT_PROTOTYPES = YES;
				CLANG_WARN_SUSPICIOUS_MOVE = YES;
				CLANG_WARN_UNGUARDED_AVAILABILITY = YES_AGGRESSIVE;
				CLANG_WARN_UNREACHABLE_CODE = YES;
				CLANG_WARN__DUPLICATE_METHOD_MATCH = YES;
				COPY_PHASE_STRIP = NO;
				DEBUG_INFORMATION_FORMAT = "dwarf-with-dsym";
				ENABLE_NS_ASSERTIONS = NO;
				ENABLE_STRICT_OBJC_MSGSEND = YES;
				GCC_C_LANGUAGE_STANDARD = gnu11;
				GCC_NO_COMMON_BLOCKS = YES;
				GCC_WARN_64_TO_32_BIT_CONVERSION = YES;
				GCC_WARN_ABOUT_RETURN_TYPE = YES_ERROR;
				GCC_WARN_UNDECLARED_SELECTOR = YES;
				GCC_WARN_UNINITIALIZED_AUTOS = YES_AGGRESSIVE;
				GCC_WARN_UNUSED_FUNCTION = YES;
				GCC_WARN_UNUSED_VARIABLE = YES;
				IPHONEOS_DEPLOYMENT_TARGET = 14.2;
				MTL_ENABLE_DEBUG_INFO = NO;
				MTL_FAST_MATH = YES;
				SDKROOT = iphoneos;
				SWIFT_COMPILATION_MODE = wholemodule;
				SWIFT_OPTIMIZATION_LEVEL = "-O";
				VALIDATE_PRODUCT = YES;
			};
			name = Release;
		};
		DB4BB6932592260D00420457 /* Debug */ = {
			isa = XCBuildConfiguration;
			buildSettings = {
				ASSETCATALOG_COMPILER_APPICON_NAME = AppIcon;
				ASSETCATALOG_COMPILER_GLOBAL_ACCENT_COLOR_NAME = AccentColor;
				CODE_SIGN_STYLE = Automatic;
				INFOPLIST_FILE = UniversalProduct/Info.plist;
				LD_RUNPATH_SEARCH_PATHS = (
					"$(inherited)",
					"@executable_path/Frameworks",
				);
				PRODUCT_BUNDLE_IDENTIFIER = com.UniversalProduct;
				PRODUCT_NAME = "$(TARGET_NAME)";
				SWIFT_VERSION = 5.0;
				TARGETED_DEVICE_FAMILY = "1,2";
			};
			name = Debug;
		};
		DB4BB6942592260D00420457 /* Release */ = {
			isa = XCBuildConfiguration;
			buildSettings = {
				ASSETCATALOG_COMPILER_APPICON_NAME = AppIcon;
				ASSETCATALOG_COMPILER_GLOBAL_ACCENT_COLOR_NAME = AccentColor;
				CODE_SIGN_STYLE = Automatic;
				INFOPLIST_FILE = UniversalProduct/Info.plist;
				LD_RUNPATH_SEARCH_PATHS = (
					"$(inherited)",
					"@executable_path/Frameworks",
				);
				PRODUCT_BUNDLE_IDENTIFIER = com.UniversalProduct;
				PRODUCT_NAME = "$(TARGET_NAME)";
				SWIFT_VERSION = 5.0;
				TARGETED_DEVICE_FAMILY = "1,2";
			};
			name = Release;
		};
/* End XCBuildConfiguration section */

/* Begin XCConfigurationList section */
		DB4BB6762592260C00420457 /* Build configuration list for PBXProject "UniversalProduct" */ = {
			isa = XCConfigurationList;
			buildConfigurations = (
				DB4BB6902592260D00420457 /* Debug */,
				DB4BB6912592260D00420457 /* Release */,
			);
			defaultConfigurationIsVisible = 0;
			defaultConfigurationName = Release;
		};
		DB4BB6922592260D00420457 /* Build configuration list for PBXNativeTarget "UniversalProduct" */ = {
			isa = XCConfigurationList;
			buildConfigurations = (
				DB4BB6932592260D00420457 /* Debug */,
				DB4BB6942592260D00420457 /* Release */,
			);
			defaultConfigurationIsVisible = 0;
			defaultConfigurationName = Release;
		};
/* End XCConfigurationList section */

/* Begin XCVersionGroup section */
		DB4BB6872592260C00420457 /* UniversalProduct.xcdatamodeld */ = {
			isa = XCVersionGroup;
			children = (
				DB4BB6882592260C00420457 /* UniversalProduct.xcdatamodel */,
			);
			currentVersion = DB4BB6882592260C00420457 /* UniversalProduct.xcdatamodel */;
			path = UniversalProduct.xcdatamodeld;
			sourceTree = "<group>";
			versionGroupType = wrapper.xcdatamodel;
		};
/* End XCVersionGroup section */
	};
	rootObject = DB4BB6732592260C00420457 /* Project object */;
}
